// !$*UTF8*$!
{
	archiveVersion = 1;
	classes = {
	};
	objectVersion = 46;
	objects = {

/* Begin PBXBuildFile section */
		79CD9BD21CDB7395009DAD1C /* BabyDefine.m in Sources */ = {isa = PBXBuildFile; fileRef = 79CD9BD11CDB7395009DAD1C /* BabyDefine.m */; };
		E13AD4D51BB78EF900D61C84 /* BabyOptions.m in Sources */ = {isa = PBXBuildFile; fileRef = E13AD4D41BB78EF900D61C84 /* BabyOptions.m */; };
		E16F24A81C20484E00A5C274 /* BabyPeripheralManager.m in Sources */ = {isa = PBXBuildFile; fileRef = E16F24A71C20484E00A5C274 /* BabyPeripheralManager.m */; };
		E16F24AB1C2123B800A5C274 /* BabyCentralManager.m in Sources */ = {isa = PBXBuildFile; fileRef = E16F24AA1C2123B800A5C274 /* BabyCentralManager.m */; };
		E1807E731B6CA29100E99C63 /* main.m in Sources */ = {isa = PBXBuildFile; fileRef = E1807E721B6CA29100E99C63 /* main.m */; };
		E1807E761B6CA29100E99C63 /* AppDelegate.m in Sources */ = {isa = PBXBuildFile; fileRef = E1807E751B6CA29100E99C63 /* AppDelegate.m */; };
		E1807E791B6CA29100E99C63 /* ViewController.m in Sources */ = {isa = PBXBuildFile; fileRef = E1807E781B6CA29100E99C63 /* ViewController.m */; };
		E1807E7C1B6CA29100E99C63 /* Main.storyboard in Resources */ = {isa = PBXBuildFile; fileRef = E1807E7A1B6CA29100E99C63 /* Main.storyboard */; };
		E1807E7E1B6CA29100E99C63 /* Images.xcassets in Resources */ = {isa = PBXBuildFile; fileRef = E1807E7D1B6CA29100E99C63 /* Images.xcassets */; };
		E1807E811B6CA29100E99C63 /* LaunchScreen.xib in Resources */ = {isa = PBXBuildFile; fileRef = E1807E7F1B6CA29100E99C63 /* LaunchScreen.xib */; };
		E1DEF5151B98857B0005C9F2 /* BabyBluetooth.m in Sources */ = {isa = PBXBuildFile; fileRef = E1DEF5081B98857B0005C9F2 /* BabyBluetooth.m */; };
		E1DEF5161B98857B0005C9F2 /* BabyCallback.m in Sources */ = {isa = PBXBuildFile; fileRef = E1DEF50A1B98857B0005C9F2 /* BabyCallback.m */; };
		E1DEF5181B98857B0005C9F2 /* BabySpeaker.m in Sources */ = {isa = PBXBuildFile; fileRef = E1DEF50E1B98857B0005C9F2 /* BabySpeaker.m */; };
		E1DEF5191B98857B0005C9F2 /* BabyToy.m in Sources */ = {isa = PBXBuildFile; fileRef = E1DEF5101B98857B0005C9F2 /* BabyToy.m */; };
		F05F7BA21B70AB0F0051C68A /* PeripheralViewController.m in Sources */ = {isa = PBXBuildFile; fileRef = F05F7BA11B70AB0F0051C68A /* PeripheralViewController.m */; };
		F05F7BA61B733A240051C68A /* PeripheralInfo.m in Sources */ = {isa = PBXBuildFile; fileRef = F05F7BA51B733A240051C68A /* PeripheralInfo.m */; };
		F05F7BAD1B7372300051C68A /* SVIndefiniteAnimatedView.m in Sources */ = {isa = PBXBuildFile; fileRef = F05F7BA91B7372300051C68A /* SVIndefiniteAnimatedView.m */; };
		F05F7BAE1B7372300051C68A /* SVProgressHUD.bundle in Resources */ = {isa = PBXBuildFile; fileRef = F05F7BAA1B7372300051C68A /* SVProgressHUD.bundle */; };
		F05F7BAF1B7372300051C68A /* SVProgressHUD.m in Sources */ = {isa = PBXBuildFile; fileRef = F05F7BAC1B7372300051C68A /* SVProgressHUD.m */; };
		F05F7BB21B7442B50051C68A /* CharacteristicViewController.m in Sources */ = {isa = PBXBuildFile; fileRef = F05F7BB11B7442B50051C68A /* CharacteristicViewController.m */; };
		F0644E511BA7B1C600AA0F9F /* BabyRhythm.m in Sources */ = {isa = PBXBuildFile; fileRef = F0644E501BA7B1C600AA0F9F /* BabyRhythm.m */; };
/* End PBXBuildFile section */

/* Begin PBXFileReference section */
		79CD9BD01CDB7395009DAD1C /* BabyDefine.h */ = {isa = PBXFileReference; fileEncoding = 4; lastKnownFileType = sourcecode.c.h; path = BabyDefine.h; sourceTree = "<group>"; };
		79CD9BD11CDB7395009DAD1C /* BabyDefine.m */ = {isa = PBXFileReference; fileEncoding = 4; lastKnownFileType = sourcecode.c.objc; path = BabyDefine.m; sourceTree = "<group>"; };
		E13AD4D31BB78EF900D61C84 /* BabyOptions.h */ = {isa = PBXFileReference; fileEncoding = 4; lastKnownFileType = sourcecode.c.h; path = BabyOptions.h; sourceTree = "<group>"; };
		E13AD4D41BB78EF900D61C84 /* BabyOptions.m */ = {isa = PBXFileReference; fileEncoding = 4; lastKnownFileType = sourcecode.c.objc; path = BabyOptions.m; sourceTree = "<group>"; };
		E16F24A61C20484E00A5C274 /* BabyPeripheralManager.h */ = {isa = PBXFileReference; fileEncoding = 4; lastKnownFileType = sourcecode.c.h; path = BabyPeripheralManager.h; sourceTree = "<group>"; };
		E16F24A71C20484E00A5C274 /* BabyPeripheralManager.m */ = {isa = PBXFileReference; fileEncoding = 4; lastKnownFileType = sourcecode.c.objc; lineEnding = 0; path = BabyPeripheralManager.m; sourceTree = "<group>"; xcLanguageSpecificationIdentifier = xcode.lang.objc; };
		E16F24A91C2123B800A5C274 /* BabyCentralManager.h */ = {isa = PBXFileReference; fileEncoding = 4; lastKnownFileType = sourcecode.c.h; path = BabyCentralManager.h; sourceTree = "<group>"; };
		E16F24AA1C2123B800A5C274 /* BabyCentralManager.m */ = {isa = PBXFileReference; fileEncoding = 4; lastKnownFileType = sourcecode.c.objc; lineEnding = 0; path = BabyCentralManager.m; sourceTree = "<group>"; xcLanguageSpecificationIdentifier = xcode.lang.objc; };
		E1807E6D1B6CA29100E99C63 /* BabyBluetoothAppDemo.app */ = {isa = PBXFileReference; explicitFileType = wrapper.application; includeInIndex = 0; path = BabyBluetoothAppDemo.app; sourceTree = BUILT_PRODUCTS_DIR; };
		E1807E711B6CA29100E99C63 /* Info.plist */ = {isa = PBXFileReference; lastKnownFileType = text.plist.xml; path = Info.plist; sourceTree = "<group>"; };
		E1807E721B6CA29100E99C63 /* main.m */ = {isa = PBXFileReference; lastKnownFileType = sourcecode.c.objc; path = main.m; sourceTree = "<group>"; };
		E1807E741B6CA29100E99C63 /* AppDelegate.h */ = {isa = PBXFileReference; lastKnownFileType = sourcecode.c.h; path = AppDelegate.h; sourceTree = "<group>"; };
		E1807E751B6CA29100E99C63 /* AppDelegate.m */ = {isa = PBXFileReference; lastKnownFileType = sourcecode.c.objc; path = AppDelegate.m; sourceTree = "<group>"; };
		E1807E771B6CA29100E99C63 /* ViewController.h */ = {isa = PBXFileReference; lastKnownFileType = sourcecode.c.h; path = ViewController.h; sourceTree = "<group>"; };
		E1807E781B6CA29100E99C63 /* ViewController.m */ = {isa = PBXFileReference; lastKnownFileType = sourcecode.c.objc; lineEnding = 0; path = ViewController.m; sourceTree = "<group>"; xcLanguageSpecificationIdentifier = xcode.lang.objc; };
		E1807E7B1B6CA29100E99C63 /* Base */ = {isa = PBXFileReference; lastKnownFileType = file.storyboard; name = Base; path = Base.lproj/Main.storyboard; sourceTree = "<group>"; };
		E1807E7D1B6CA29100E99C63 /* Images.xcassets */ = {isa = PBXFileReference; lastKnownFileType = folder.assetcatalog; path = Images.xcassets; sourceTree = "<group>"; };
		E1807E801B6CA29100E99C63 /* Base */ = {isa = PBXFileReference; lastKnownFileType = file.xib; name = Base; path = Base.lproj/LaunchScreen.xib; sourceTree = "<group>"; };
		E1DEF5071B98857B0005C9F2 /* BabyBluetooth.h */ = {isa = PBXFileReference; fileEncoding = 4; lastKnownFileType = sourcecode.c.h; path = BabyBluetooth.h; sourceTree = "<group>"; };
		E1DEF5081B98857B0005C9F2 /* BabyBluetooth.m */ = {isa = PBXFileReference; fileEncoding = 4; lastKnownFileType = sourcecode.c.objc; lineEnding = 0; path = BabyBluetooth.m; sourceTree = "<group>"; xcLanguageSpecificationIdentifier = xcode.lang.objc; };
		E1DEF5091B98857B0005C9F2 /* BabyCallback.h */ = {isa = PBXFileReference; fileEncoding = 4; lastKnownFileType = sourcecode.c.h; lineEnding = 0; path = BabyCallback.h; sourceTree = "<group>"; xcLanguageSpecificationIdentifier = xcode.lang.objcpp; };
		E1DEF50A1B98857B0005C9F2 /* BabyCallback.m */ = {isa = PBXFileReference; fileEncoding = 4; lastKnownFileType = sourcecode.c.objc; lineEnding = 0; path = BabyCallback.m; sourceTree = "<group>"; xcLanguageSpecificationIdentifier = xcode.lang.objc; };
		E1DEF50D1B98857B0005C9F2 /* BabySpeaker.h */ = {isa = PBXFileReference; fileEncoding = 4; lastKnownFileType = sourcecode.c.h; path = BabySpeaker.h; sourceTree = "<group>"; };
		E1DEF50E1B98857B0005C9F2 /* BabySpeaker.m */ = {isa = PBXFileReference; fileEncoding = 4; lastKnownFileType = sourcecode.c.objc; lineEnding = 0; path = BabySpeaker.m; sourceTree = "<group>"; };
		E1DEF50F1B98857B0005C9F2 /* BabyToy.h */ = {isa = PBXFileReference; fileEncoding = 4; lastKnownFileType = sourcecode.c.h; path = BabyToy.h; sourceTree = "<group>"; };
		E1DEF5101B98857B0005C9F2 /* BabyToy.m */ = {isa = PBXFileReference; fileEncoding = 4; lastKnownFileType = sourcecode.c.objc; path = BabyToy.m; sourceTree = "<group>"; };
		F05F7BA01B70AB0F0051C68A /* PeripheralViewController.h */ = {isa = PBXFileReference; fileEncoding = 4; lastKnownFileType = sourcecode.c.h; path = PeripheralViewController.h; sourceTree = "<group>"; };
		F05F7BA11B70AB0F0051C68A /* PeripheralViewController.m */ = {isa = PBXFileReference; fileEncoding = 4; lastKnownFileType = sourcecode.c.objc; path = PeripheralViewController.m; sourceTree = "<group>"; };
		F05F7BA41B733A240051C68A /* PeripheralInfo.h */ = {isa = PBXFileReference; fileEncoding = 4; lastKnownFileType = sourcecode.c.h; path = PeripheralInfo.h; sourceTree = "<group>"; };
		F05F7BA51B733A240051C68A /* PeripheralInfo.m */ = {isa = PBXFileReference; fileEncoding = 4; lastKnownFileType = sourcecode.c.objc; path = PeripheralInfo.m; sourceTree = "<group>"; };
		F05F7BA81B7372300051C68A /* SVIndefiniteAnimatedView.h */ = {isa = PBXFileReference; fileEncoding = 4; lastKnownFileType = sourcecode.c.h; path = SVIndefiniteAnimatedView.h; sourceTree = "<group>"; };
		F05F7BA91B7372300051C68A /* SVIndefiniteAnimatedView.m */ = {isa = PBXFileReference; fileEncoding = 4; lastKnownFileType = sourcecode.c.objc; path = SVIndefiniteAnimatedView.m; sourceTree = "<group>"; };
		F05F7BAA1B7372300051C68A /* SVProgressHUD.bundle */ = {isa = PBXFileReference; lastKnownFileType = "wrapper.plug-in"; path = SVProgressHUD.bundle; sourceTree = "<group>"; };
		F05F7BAB1B7372300051C68A /* SVProgressHUD.h */ = {isa = PBXFileReference; fileEncoding = 4; lastKnownFileType = sourcecode.c.h; path = SVProgressHUD.h; sourceTree = "<group>"; };
		F05F7BAC1B7372300051C68A /* SVProgressHUD.m */ = {isa = PBXFileReference; fileEncoding = 4; lastKnownFileType = sourcecode.c.objc; lineEnding = 0; path = SVProgressHUD.m; sourceTree = "<group>"; xcLanguageSpecificationIdentifier = xcode.lang.objc; };
		F05F7BB01B7442B50051C68A /* CharacteristicViewController.h */ = {isa = PBXFileReference; fileEncoding = 4; lastKnownFileType = sourcecode.c.h; path = CharacteristicViewController.h; sourceTree = "<group>"; };
		F05F7BB11B7442B50051C68A /* CharacteristicViewController.m */ = {isa = PBXFileReference; fileEncoding = 4; lastKnownFileType = sourcecode.c.objc; lineEnding = 0; path = CharacteristicViewController.m; sourceTree = "<group>"; xcLanguageSpecificationIdentifier = xcode.lang.objc; };
		F0644E4F1BA7B1C600AA0F9F /* BabyRhythm.h */ = {isa = PBXFileReference; fileEncoding = 4; lastKnownFileType = sourcecode.c.h; path = BabyRhythm.h; sourceTree = "<group>"; };
		F0644E501BA7B1C600AA0F9F /* BabyRhythm.m */ = {isa = PBXFileReference; fileEncoding = 4; lastKnownFileType = sourcecode.c.objc; path = BabyRhythm.m; sourceTree = "<group>"; };
/* End PBXFileReference section */

/* Begin PBXFrameworksBuildPhase section */
		E1807E6A1B6CA29100E99C63 /* Frameworks */ = {
			isa = PBXFrameworksBuildPhase;
			buildActionMask = 2147483647;
			files = (
			);
			runOnlyForDeploymentPostprocessing = 0;
		};
/* End PBXFrameworksBuildPhase section */

/* Begin PBXGroup section */
		E1807E641B6CA29100E99C63 = {
			isa = PBXGroup;
			children = (
				E1807EA91B6CA53A00E99C63 /* Framework */,
				E1807E6F1B6CA29100E99C63 /* BabyBluetoothDemo */,
				E1807E6E1B6CA29100E99C63 /* Products */,
			);
			sourceTree = "<group>";
		};
		E1807E6E1B6CA29100E99C63 /* Products */ = {
			isa = PBXGroup;
			children = (
				E1807E6D1B6CA29100E99C63 /* BabyBluetoothAppDemo.app */,
			);
			name = Products;
			sourceTree = "<group>";
		};
		E1807E6F1B6CA29100E99C63 /* BabyBluetoothDemo */ = {
			isa = PBXGroup;
			children = (
				F05F7BA31B7339E90051C68A /* Model */,
				E1807E741B6CA29100E99C63 /* AppDelegate.h */,
				E1807E751B6CA29100E99C63 /* AppDelegate.m */,
				E1807E771B6CA29100E99C63 /* ViewController.h */,
				E1807E781B6CA29100E99C63 /* ViewController.m */,
				F05F7BA01B70AB0F0051C68A /* PeripheralViewController.h */,
				F05F7BA11B70AB0F0051C68A /* PeripheralViewController.m */,
				F05F7BB01B7442B50051C68A /* CharacteristicViewController.h */,
				F05F7BB11B7442B50051C68A /* CharacteristicViewController.m */,
				E1807E7A1B6CA29100E99C63 /* Main.storyboard */,
				E1807E7D1B6CA29100E99C63 /* Images.xcassets */,
				E1807E7F1B6CA29100E99C63 /* LaunchScreen.xib */,
				E1807E701B6CA29100E99C63 /* Supporting Files */,
			);
			name = BabyBluetoothDemo;
			path = BabyBluetoothAppDemo;
			sourceTree = "<group>";
		};
		E1807E701B6CA29100E99C63 /* Supporting Files */ = {
			isa = PBXGroup;
			children = (
				E1807E711B6CA29100E99C63 /* Info.plist */,
				E1807E721B6CA29100E99C63 /* main.m */,
			);
			name = "Supporting Files";
			sourceTree = "<group>";
		};
		E1807EA91B6CA53A00E99C63 /* Framework */ = {
			isa = PBXGroup;
			children = (
				E1DEF5051B98857A0005C9F2 /* BabyBluetooth */,
				F05F7BA71B7372300051C68A /* SVProgressHUD */,
			);
			name = Framework;
			sourceTree = "<group>";
		};
		E1DEF5051B98857A0005C9F2 /* BabyBluetooth */ = {
			isa = PBXGroup;
			children = (
				79CD9BD01CDB7395009DAD1C /* BabyDefine.h */,
				79CD9BD11CDB7395009DAD1C /* BabyDefine.m */,
				E16F24A91C2123B800A5C274 /* BabyCentralManager.h */,
				E16F24AA1C2123B800A5C274 /* BabyCentralManager.m */,
				E16F24A61C20484E00A5C274 /* BabyPeripheralManager.h */,
				E16F24A71C20484E00A5C274 /* BabyPeripheralManager.m */,
				E1DEF5071B98857B0005C9F2 /* BabyBluetooth.h */,
				E1DEF5081B98857B0005C9F2 /* BabyBluetooth.m */,
				E1DEF5091B98857B0005C9F2 /* BabyCallback.h */,
				E1DEF50A1B98857B0005C9F2 /* BabyCallback.m */,
				E1DEF50D1B98857B0005C9F2 /* BabySpeaker.h */,
				E1DEF50E1B98857B0005C9F2 /* BabySpeaker.m */,
				E1DEF50F1B98857B0005C9F2 /* BabyToy.h */,
				E1DEF5101B98857B0005C9F2 /* BabyToy.m */,
				F0644E4F1BA7B1C600AA0F9F /* BabyRhythm.h */,
				F0644E501BA7B1C600AA0F9F /* BabyRhythm.m */,
				E13AD4D31BB78EF900D61C84 /* BabyOptions.h */,
				E13AD4D41BB78EF900D61C84 /* BabyOptions.m */,
			);
			name = BabyBluetooth;
			path = ../../Classes/objc;
			sourceTree = "<group>";
		};
		F05F7BA31B7339E90051C68A /* Model */ = {
			isa = PBXGroup;
			children = (
				F05F7BA41B733A240051C68A /* PeripheralInfo.h */,
				F05F7BA51B733A240051C68A /* PeripheralInfo.m */,
			);
			name = Model;
			sourceTree = "<group>";
		};
		F05F7BA71B7372300051C68A /* SVProgressHUD */ = {
			isa = PBXGroup;
			children = (
				F05F7BA81B7372300051C68A /* SVIndefiniteAnimatedView.h */,
				F05F7BA91B7372300051C68A /* SVIndefiniteAnimatedView.m */,
				F05F7BAA1B7372300051C68A /* SVProgressHUD.bundle */,
				F05F7BAB1B7372300051C68A /* SVProgressHUD.h */,
				F05F7BAC1B7372300051C68A /* SVProgressHUD.m */,
			);
			path = SVProgressHUD;
			sourceTree = "<group>";
		};
/* End PBXGroup section */

/* Begin PBXNativeTarget section */
		E1807E6C1B6CA29100E99C63 /* BabyBluetoothAppDemo */ = {
			isa = PBXNativeTarget;
			buildConfigurationList = E1807E901B6CA29100E99C63 /* Build configuration list for PBXNativeTarget "BabyBluetoothAppDemo" */;
			buildPhases = (
				E1807E691B6CA29100E99C63 /* Sources */,
				E1807E6A1B6CA29100E99C63 /* Frameworks */,
				E1807E6B1B6CA29100E99C63 /* Resources */,
			);
			buildRules = (
			);
			dependencies = (
			);
			name = BabyBluetoothAppDemo;
			productName = BabyBluetoothDemo;
			productReference = E1807E6D1B6CA29100E99C63 /* BabyBluetoothAppDemo.app */;
			productType = "com.apple.product-type.application";
		};
/* End PBXNativeTarget section */

/* Begin PBXProject section */
		E1807E651B6CA29100E99C63 /* Project object */ = {
			isa = PBXProject;
			attributes = {
				LastUpgradeCheck = 0700;
				ORGANIZATIONNAME = "刘彦玮";
				TargetAttributes = {
					E1807E6C1B6CA29100E99C63 = {
						CreatedOnToolsVersion = 6.3.1;
						DevelopmentTeam = UK5GAN4FW3;
						SystemCapabilities = {
							com.apple.BackgroundModes = {
								enabled = 0;
							};
						};
					};
				};
			};
			buildConfigurationList = E1807E681B6CA29100E99C63 /* Build configuration list for PBXProject "BabyBluetoothAppDemo" */;
			compatibilityVersion = "Xcode 3.2";
			developmentRegion = English;
			hasScannedForEncodings = 0;
			knownRegions = (
				en,
				Base,
			);
			mainGroup = E1807E641B6CA29100E99C63;
			productRefGroup = E1807E6E1B6CA29100E99C63 /* Products */;
			projectDirPath = "";
			projectRoot = "";
			targets = (
				E1807E6C1B6CA29100E99C63 /* BabyBluetoothAppDemo */,
			);
		};
/* End PBXProject section */

/* Begin PBXResourcesBuildPhase section */
		E1807E6B1B6CA29100E99C63 /* Resources */ = {
			isa = PBXResourcesBuildPhase;
			buildActionMask = 2147483647;
			files = (
				E1807E7C1B6CA29100E99C63 /* Main.storyboard in Resources */,
				E1807E811B6CA29100E99C63 /* LaunchScreen.xib in Resources */,
				E1807E7E1B6CA29100E99C63 /* Images.xcassets in Resources */,
				F05F7BAE1B7372300051C68A /* SVProgressHUD.bundle in Resources */,
			);
			runOnlyForDeploymentPostprocessing = 0;
		};
/* End PBXResourcesBuildPhase section */

/* Begin PBXSourcesBuildPhase section */
		E1807E691B6CA29100E99C63 /* Sources */ = {
			isa = PBXSourcesBuildPhase;
			buildActionMask = 2147483647;
			files = (
				E1DEF5151B98857B0005C9F2 /* BabyBluetooth.m in Sources */,
				E16F24AB1C2123B800A5C274 /* BabyCentralManager.m in Sources */,
				F05F7BA21B70AB0F0051C68A /* PeripheralViewController.m in Sources */,
				E1807E791B6CA29100E99C63 /* ViewController.m in Sources */,
				79CD9BD21CDB7395009DAD1C /* BabyDefine.m in Sources */,
				F05F7BA61B733A240051C68A /* PeripheralInfo.m in Sources */,
				F05F7BAF1B7372300051C68A /* SVProgressHUD.m in Sources */,
				E1807E761B6CA29100E99C63 /* AppDelegate.m in Sources */,
				E16F24A81C20484E00A5C274 /* BabyPeripheralManager.m in Sources */,
				E1807E731B6CA29100E99C63 /* main.m in Sources */,
				F05F7BB21B7442B50051C68A /* CharacteristicViewController.m in Sources */,
				E13AD4D51BB78EF900D61C84 /* BabyOptions.m in Sources */,
				E1DEF5181B98857B0005C9F2 /* BabySpeaker.m in Sources */,
				E1DEF5161B98857B0005C9F2 /* BabyCallback.m in Sources */,
				F0644E511BA7B1C600AA0F9F /* BabyRhythm.m in Sources */,
				E1DEF5191B98857B0005C9F2 /* BabyToy.m in Sources */,
				F05F7BAD1B7372300051C68A /* SVIndefiniteAnimatedView.m in Sources */,
			);
			runOnlyForDeploymentPostprocessing = 0;
		};
/* End PBXSourcesBuildPhase section */

/* Begin PBXVariantGroup section */
		E1807E7A1B6CA29100E99C63 /* Main.storyboard */ = {
			isa = PBXVariantGroup;
			children = (
				E1807E7B1B6CA29100E99C63 /* Base */,
			);
			name = Main.storyboard;
			sourceTree = "<group>";
		};
		E1807E7F1B6CA29100E99C63 /* LaunchScreen.xib */ = {
			isa = PBXVariantGroup;
			children = (
				E1807E801B6CA29100E99C63 /* Base */,
			);
			name = LaunchScreen.xib;
			sourceTree = "<group>";
		};
/* End PBXVariantGroup section */

/* Begin XCBuildConfiguration section */
		E1807E8E1B6CA29100E99C63 /* Debug */ = {
			isa = XCBuildConfiguration;
			buildSettings = {
				ALWAYS_SEARCH_USER_PATHS = NO;
				CLANG_CXX_LANGUAGE_STANDARD = "gnu++0x";
				CLANG_CXX_LIBRARY = "libc++";
				CLANG_ENABLE_MODULES = YES;
				CLANG_ENABLE_OBJC_ARC = YES;
				CLANG_WARN_BOOL_CONVERSION = YES;
				CLANG_WARN_CONSTANT_CONVERSION = YES;
				CLANG_WARN_DIRECT_OBJC_ISA_USAGE = YES_ERROR;
				CLANG_WARN_EMPTY_BODY = YES;
				CLANG_WARN_ENUM_CONVERSION = YES;
				CLANG_WARN_INT_CONVERSION = YES;
				CLANG_WARN_OBJC_ROOT_CLASS = YES_ERROR;
				CLANG_WARN_UNREACHABLE_CODE = YES;
				CLANG_WARN__DUPLICATE_METHOD_MATCH = YES;
				"CODE_SIGN_IDENTITY[sdk=iphoneos*]" = "iPhone Developer";
				COPY_PHASE_STRIP = NO;
				DEBUG_INFORMATION_FORMAT = "dwarf-with-dsym";
				ENABLE_STRICT_OBJC_MSGSEND = YES;
				ENABLE_TESTABILITY = YES;
				GCC_C_LANGUAGE_STANDARD = gnu99;
				GCC_DYNAMIC_NO_PIC = NO;
				GCC_NO_COMMON_BLOCKS = YES;
				GCC_OPTIMIZATION_LEVEL = 0;
				GCC_PREPROCESSOR_DEFINITIONS = (
					"DEBUG=1",
					"$(inherited)",
				);
				GCC_SYMBOLS_PRIVATE_EXTERN = NO;
				GCC_WARN_64_TO_32_BIT_CONVERSION = YES;
				GCC_WARN_ABOUT_RETURN_TYPE = YES_ERROR;
				GCC_WARN_UNDECLARED_SELECTOR = YES;
				GCC_WARN_UNINITIALIZED_AUTOS = YES_AGGRESSIVE;
				GCC_WARN_UNUSED_FUNCTION = YES;
				GCC_WARN_UNUSED_VARIABLE = YES;
				IPHONEOS_DEPLOYMENT_TARGET = 8.3;
				MTL_ENABLE_DEBUG_INFO = YES;
				ONLY_ACTIVE_ARCH = YES;
				SDKROOT = iphoneos;
			};
			name = Debug;
		};
		E1807E8F1B6CA29100E99C63 /* Release */ = {
			isa = XCBuildConfiguration;
			buildSettings = {
				ALWAYS_SEARCH_USER_PATHS = NO;
				CLANG_CXX_LANGUAGE_STANDARD = "gnu++0x";
				CLANG_CXX_LIBRARY = "libc++";
				CLANG_ENABLE_MODULES = YES;
				CLANG_ENABLE_OBJC_ARC = YES;
				CLANG_WARN_BOOL_CONVERSION = YES;
				CLANG_WARN_CONSTANT_CONVERSION = YES;
				CLANG_WARN_DIRECT_OBJC_ISA_USAGE = YES_ERROR;
				CLANG_WARN_EMPTY_BODY = YES;
				CLANG_WARN_ENUM_CONVERSION = YES;
				CLANG_WARN_INT_CONVERSION = YES;
				CLANG_WARN_OBJC_ROOT_CLASS = YES_ERROR;
				CLANG_WARN_UNREACHABLE_CODE = YES;
				CLANG_WARN__DUPLICATE_METHOD_MATCH = YES;
				"CODE_SIGN_IDENTITY[sdk=iphoneos*]" = "iPhone Developer";
				COPY_PHASE_STRIP = NO;
				DEBUG_INFORMATION_FORMAT = "dwarf-with-dsym";
				ENABLE_NS_ASSERTIONS = NO;
				ENABLE_STRICT_OBJC_MSGSEND = YES;
				GCC_C_LANGUAGE_STANDARD = gnu99;
				GCC_NO_COMMON_BLOCKS = YES;
				GCC_WARN_64_TO_32_BIT_CONVERSION = YES;
				GCC_WARN_ABOUT_RETURN_TYPE = YES_ERROR;
				GCC_WARN_UNDECLARED_SELECTOR = YES;
				GCC_WARN_UNINITIALIZED_AUTOS = YES_AGGRESSIVE;
				GCC_WARN_UNUSED_FUNCTION = YES;
				GCC_WARN_UNUSED_VARIABLE = YES;
				IPHONEOS_DEPLOYMENT_TARGET = 8.3;
				MTL_ENABLE_DEBUG_INFO = NO;
				SDKROOT = iphoneos;
				VALIDATE_PRODUCT = YES;
			};
			name = Release;
		};
		E1807E911B6CA29100E99C63 /* Debug */ = {
			isa = XCBuildConfiguration;
			buildSettings = {
				ASSETCATALOG_COMPILER_APPICON_NAME = AppIcon;
				CODE_SIGN_IDENTITY = "iPhone Developer";
				"CODE_SIGN_IDENTITY[sdk=iphoneos*]" = "iPhone Developer";
				DEVELOPMENT_TEAM = UK5GAN4FW3;
				INFOPLIST_FILE = BabyBluetoothAppDemo/Info.plist;
				IPHONEOS_DEPLOYMENT_TARGET = 8.0;
				LD_RUNPATH_SEARCH_PATHS = "$(inherited) @executable_path/Frameworks";
				PRODUCT_BUNDLE_IDENTIFIER = com.liuyanwei.babyBluetooth;
				PRODUCT_NAME = BabyBluetoothAppDemo;
				PROVISIONING_PROFILE = "";
			};
			name = Debug;
		};
		E1807E921B6CA29100E99C63 /* Release */ = {
			isa = XCBuildConfiguration;
			buildSettings = {
				ASSETCATALOG_COMPILER_APPICON_NAME = AppIcon;
				CODE_SIGN_IDENTITY = "iPhone Developer";
				"CODE_SIGN_IDENTITY[sdk=iphoneos*]" = "iPhone Developer";
				DEVELOPMENT_TEAM = UK5GAN4FW3;
				INFOPLIST_FILE = BabyBluetoothAppDemo/Info.plist;
				IPHONEOS_DEPLOYMENT_TARGET = 8.0;
				LD_RUNPATH_SEARCH_PATHS = "$(inherited) @executable_path/Frameworks";
				PRODUCT_BUNDLE_IDENTIFIER = com.liuyanwei.babyBluetooth;
				PRODUCT_NAME = BabyBluetoothAppDemo;
				PROVISIONING_PROFILE = "";
			};
			name = Release;
		};
/* End XCBuildConfiguration section */

/* Begin XCConfigurationList section */
		E1807E681B6CA29100E99C63 /* Build configuration list for PBXProject "BabyBluetoothAppDemo" */ = {
			isa = XCConfigurationList;
			buildConfigurations = (
				E1807E8E1B6CA29100E99C63 /* Debug */,
				E1807E8F1B6CA29100E99C63 /* Release */,
			);
			defaultConfigurationIsVisible = 0;
			defaultConfigurationName = Release;
		};
		E1807E901B6CA29100E99C63 /* Build configuration list for PBXNativeTarget "BabyBluetoothAppDemo" */ = {
			isa = XCConfigurationList;
			buildConfigurations = (
				E1807E911B6CA29100E99C63 /* Debug */,
				E1807E921B6CA29100E99C63 /* Release */,
			);
			defaultConfigurationIsVisible = 0;
			defaultConfigurationName = Release;
		};
/* End XCConfigurationList section */
	};
	rootObject = E1807E651B6CA29100E99C63 /* Project object */;
}
