// !$*UTF8*$!
{
	archiveVersion = 1;
	classes = {
	};
	objectVersion = 46;
	objects = {

/* Begin PBXBuildFile section */
		F0D05E171C965017000EFD22 /* AppDelegate.m in Sources */ = {isa = PBXBuildFile; fileRef = F0D05E161C965017000EFD22 /* AppDelegate.m */; };
		F0D05E1A1C965017000EFD22 /* main.m in Sources */ = {isa = PBXBuildFile; fileRef = F0D05E191C965017000EFD22 /* main.m */; };
		F0D05E1D1C965017000EFD22 /* ViewController.m in Sources */ = {isa = PBXBuildFile; fileRef = F0D05E1C1C965017000EFD22 /* ViewController.m */; };
		F0D05E1F1C965017000EFD22 /* Assets.xcassets in Resources */ = {isa = PBXBuildFile; fileRef = F0D05E1E1C965017000EFD22 /* Assets.xcassets */; };
		F0D05E221C965017000EFD22 /* Main.storyboard in Resources */ = {isa = PBXBuildFile; fileRef = F0D05E201C965017000EFD22 /* Main.storyboard */; };
		F0D05E3A1C965025000EFD22 /* BabyBluetooth.m in Sources */ = {isa = PBXBuildFile; fileRef = F0D05E2B1C965025000EFD22 /* BabyBluetooth.m */; };
		F0D05E3B1C965025000EFD22 /* BabyCallback.m in Sources */ = {isa = PBXBuildFile; fileRef = F0D05E2D1C965025000EFD22 /* BabyCallback.m */; };
		F0D05E3C1C965025000EFD22 /* BabyCentralManager.m in Sources */ = {isa = PBXBuildFile; fileRef = F0D05E2F1C965025000EFD22 /* BabyCentralManager.m */; };
		F0D05E3D1C965025000EFD22 /* BabyOptions.m in Sources */ = {isa = PBXBuildFile; fileRef = F0D05E311C965025000EFD22 /* BabyOptions.m */; };
		F0D05E3E1C965025000EFD22 /* BabyPeripheralManager.m in Sources */ = {isa = PBXBuildFile; fileRef = F0D05E331C965025000EFD22 /* BabyPeripheralManager.m */; };
		F0D05E3F1C965025000EFD22 /* BabyRhythm.m in Sources */ = {isa = PBXBuildFile; fileRef = F0D05E351C965025000EFD22 /* BabyRhythm.m */; };
		F0D05E401C965025000EFD22 /* BabySpeaker.m in Sources */ = {isa = PBXBuildFile; fileRef = F0D05E371C965025000EFD22 /* BabySpeaker.m */; };
		F0D05E411C965025000EFD22 /* BabyToy.m in Sources */ = {isa = PBXBuildFile; fileRef = F0D05E391C965025000EFD22 /* BabyToy.m */; };
/* End PBXBuildFile section */

/* Begin PBXFileReference section */
		F0D05E121C965017000EFD22 /* BabyTestStub.app */ = {isa = PBXFileReference; explicitFileType = wrapper.application; includeInIndex = 0; path = BabyTestStub.app; sourceTree = BUILT_PRODUCTS_DIR; };
		F0D05E151C965017000EFD22 /* AppDelegate.h */ = {isa = PBXFileReference; lastKnownFileType = sourcecode.c.h; path = AppDelegate.h; sourceTree = "<group>"; };
		F0D05E161C965017000EFD22 /* AppDelegate.m */ = {isa = PBXFileReference; lastKnownFileType = sourcecode.c.objc; path = AppDelegate.m; sourceTree = "<group>"; };
		F0D05E191C965017000EFD22 /* main.m */ = {isa = PBXFileReference; lastKnownFileType = sourcecode.c.objc; path = main.m; sourceTree = "<group>"; };
		F0D05E1B1C965017000EFD22 /* ViewController.h */ = {isa = PBXFileReference; lastKnownFileType = sourcecode.c.h; path = ViewController.h; sourceTree = "<group>"; };
		F0D05E1C1C965017000EFD22 /* ViewController.m */ = {isa = PBXFileReference; lastKnownFileType = sourcecode.c.objc; path = ViewController.m; sourceTree = "<group>"; };
		F0D05E1E1C965017000EFD22 /* Assets.xcassets */ = {isa = PBXFileReference; lastKnownFileType = folder.assetcatalog; path = Assets.xcassets; sourceTree = "<group>"; };
		F0D05E211C965017000EFD22 /* Base */ = {isa = PBXFileReference; lastKnownFileType = file.storyboard; name = Base; path = Base.lproj/Main.storyboard; sourceTree = "<group>"; };
		F0D05E231C965017000EFD22 /* Info.plist */ = {isa = PBXFileReference; lastKnownFileType = text.plist.xml; path = Info.plist; sourceTree = "<group>"; };
		F0D05E2A1C965025000EFD22 /* BabyBluetooth.h */ = {isa = PBXFileReference; fileEncoding = 4; lastKnownFileType = sourcecode.c.h; path = BabyBluetooth.h; sourceTree = "<group>"; };
		F0D05E2B1C965025000EFD22 /* BabyBluetooth.m */ = {isa = PBXFileReference; fileEncoding = 4; lastKnownFileType = sourcecode.c.objc; path = BabyBluetooth.m; sourceTree = "<group>"; xcLanguageSpecificationIdentifier = xcode.lang.objc; };
		F0D05E2C1C965025000EFD22 /* BabyCallback.h */ = {isa = PBXFileReference; fileEncoding = 4; lastKnownFileType = sourcecode.c.h; path = BabyCallback.h; sourceTree = "<group>"; xcLanguageSpecificationIdentifier = xcode.lang.objcpp; };
		F0D05E2D1C965025000EFD22 /* BabyCallback.m */ = {isa = PBXFileReference; fileEncoding = 4; lastKnownFileType = sourcecode.c.objc; path = BabyCallback.m; sourceTree = "<group>"; xcLanguageSpecificationIdentifier = xcode.lang.objc; };
		F0D05E2E1C965025000EFD22 /* BabyCentralManager.h */ = {isa = PBXFileReference; fileEncoding = 4; lastKnownFileType = sourcecode.c.h; path = BabyCentralManager.h; sourceTree = "<group>"; };
		F0D05E2F1C965025000EFD22 /* BabyCentralManager.m */ = {isa = PBXFileReference; fileEncoding = 4; lastKnownFileType = sourcecode.c.objc; path = BabyCentralManager.m; sourceTree = "<group>"; xcLanguageSpecificationIdentifier = xcode.lang.objc; };
		F0D05E301C965025000EFD22 /* BabyOptions.h */ = {isa = PBXFileReference; fileEncoding = 4; lastKnownFileType = sourcecode.c.h; path = BabyOptions.h; sourceTree = "<group>"; };
		F0D05E311C965025000EFD22 /* BabyOptions.m */ = {isa = PBXFileReference; fileEncoding = 4; lastKnownFileType = sourcecode.c.objc; path = BabyOptions.m; sourceTree = "<group>"; };
		F0D05E321C965025000EFD22 /* BabyPeripheralManager.h */ = {isa = PBXFileReference; fileEncoding = 4; lastKnownFileType = sourcecode.c.h; path = BabyPeripheralManager.h; sourceTree = "<group>"; };
		F0D05E331C965025000EFD22 /* BabyPeripheralManager.m */ = {isa = PBXFileReference; fileEncoding = 4; lastKnownFileType = sourcecode.c.objc; path = BabyPeripheralManager.m; sourceTree = "<group>"; xcLanguageSpecificationIdentifier = xcode.lang.objc; };
		F0D05E341C965025000EFD22 /* BabyRhythm.h */ = {isa = PBXFileReference; fileEncoding = 4; lastKnownFileType = sourcecode.c.h; path = BabyRhythm.h; sourceTree = "<group>"; };
		F0D05E351C965025000EFD22 /* BabyRhythm.m */ = {isa = PBXFileReference; fileEncoding = 4; lastKnownFileType = sourcecode.c.objc; path = BabyRhythm.m; sourceTree = "<group>"; };
		F0D05E361C965025000EFD22 /* BabySpeaker.h */ = {isa = PBXFileReference; fileEncoding = 4; lastKnownFileType = sourcecode.c.h; path = BabySpeaker.h; sourceTree = "<group>"; };
		F0D05E371C965025000EFD22 /* BabySpeaker.m */ = {isa = PBXFileReference; fileEncoding = 4; lastKnownFileType = sourcecode.c.objc; path = BabySpeaker.m; sourceTree = "<group>"; };
		F0D05E381C965025000EFD22 /* BabyToy.h */ = {isa = PBXFileReference; fileEncoding = 4; lastKnownFileType = sourcecode.c.h; path = BabyToy.h; sourceTree = "<group>"; };
		F0D05E391C965025000EFD22 /* BabyToy.m */ = {isa = PBXFileReference; fileEncoding = 4; lastKnownFileType = sourcecode.c.objc; path = BabyToy.m; sourceTree = "<group>"; };
/* End PBXFileReference section */

/* Begin PBXFrameworksBuildPhase section */
		F0D05E0F1C965017000EFD22 /* Frameworks */ = {
			isa = PBXFrameworksBuildPhase;
			buildActionMask = 2147483647;
			files = (
			);
			runOnlyForDeploymentPostprocessing = 0;
		};
/* End PBXFrameworksBuildPhase section */

/* Begin PBXGroup section */
		F0D05E091C965017000EFD22 = {
			isa = PBXGroup;
			children = (
				F0D05E291C965025000EFD22 /* Baby */,
				F0D05E141C965017000EFD22 /* BabyTestStub */,
				F0D05E131C965017000EFD22 /* Products */,
			);
			sourceTree = "<group>";
		};
		F0D05E131C965017000EFD22 /* Products */ = {
			isa = PBXGroup;
			children = (
				F0D05E121C965017000EFD22 /* BabyTestStub.app */,
			);
			name = Products;
			sourceTree = "<group>";
		};
		F0D05E141C965017000EFD22 /* BabyTestStub */ = {
			isa = PBXGroup;
			children = (
				F0D05E151C965017000EFD22 /* AppDelegate.h */,
				F0D05E161C965017000EFD22 /* AppDelegate.m */,
				F0D05E1B1C965017000EFD22 /* ViewController.h */,
				F0D05E1C1C965017000EFD22 /* ViewController.m */,
				F0D05E1E1C965017000EFD22 /* Assets.xcassets */,
				F0D05E201C965017000EFD22 /* Main.storyboard */,
				F0D05E231C965017000EFD22 /* Info.plist */,
				F0D05E181C965017000EFD22 /* Supporting Files */,
			);
			path = BabyTestStub;
			sourceTree = "<group>";
		};
		F0D05E181C965017000EFD22 /* Supporting Files */ = {
			isa = PBXGroup;
			children = (
				F0D05E191C965017000EFD22 /* main.m */,
			);
			name = "Supporting Files";
			sourceTree = "<group>";
		};
		F0D05E291C965025000EFD22 /* Baby */ = {
			isa = PBXGroup;
			children = (
				F0D05E2A1C965025000EFD22 /* BabyBluetooth.h */,
				F0D05E2B1C965025000EFD22 /* BabyBluetooth.m */,
				F0D05E2C1C965025000EFD22 /* BabyCallback.h */,
				F0D05E2D1C965025000EFD22 /* BabyCallback.m */,
				F0D05E2E1C965025000EFD22 /* BabyCentralManager.h */,
				F0D05E2F1C965025000EFD22 /* BabyCentralManager.m */,
				F0D05E301C965025000EFD22 /* BabyOptions.h */,
				F0D05E311C965025000EFD22 /* BabyOptions.m */,
				F0D05E321C965025000EFD22 /* BabyPeripheralManager.h */,
				F0D05E331C965025000EFD22 /* BabyPeripheralManager.m */,
				F0D05E341C965025000EFD22 /* BabyRhythm.h */,
				F0D05E351C965025000EFD22 /* BabyRhythm.m */,
				F0D05E361C965025000EFD22 /* BabySpeaker.h */,
				F0D05E371C965025000EFD22 /* BabySpeaker.m */,
				F0D05E381C965025000EFD22 /* BabyToy.h */,
				F0D05E391C965025000EFD22 /* BabyToy.m */,
			);
			name = Baby;
			path = ../../Classes/objc;
			sourceTree = "<group>";
		};
/* End PBXGroup section */

/* Begin PBXNativeTarget section */
		F0D05E111C965017000EFD22 /* BabyTestStub */ = {
			isa = PBXNativeTarget;
			buildConfigurationList = F0D05E261C965017000EFD22 /* Build configuration list for PBXNativeTarget "BabyTestStub" */;
			buildPhases = (
				F0D05E0E1C965017000EFD22 /* Sources */,
				F0D05E0F1C965017000EFD22 /* Frameworks */,
				F0D05E101C965017000EFD22 /* Resources */,
			);
			buildRules = (
			);
			dependencies = (
			);
			name = BabyTestStub;
			productName = BabyTestStub;
			productReference = F0D05E121C965017000EFD22 /* BabyTestStub.app */;
			productType = "com.apple.product-type.application";
		};
/* End PBXNativeTarget section */

/* Begin PBXProject section */
		F0D05E0A1C965017000EFD22 /* Project object */ = {
			isa = PBXProject;
			attributes = {
				LastUpgradeCheck = 0720;
				ORGANIZATIONNAME = liuyanwei;
				TargetAttributes = {
					F0D05E111C965017000EFD22 = {
						CreatedOnToolsVersion = 7.2.1;
					};
				};
			};
			buildConfigurationList = F0D05E0D1C965017000EFD22 /* Build configuration list for PBXProject "BabyTestStub" */;
			compatibilityVersion = "Xcode 3.2";
			developmentRegion = English;
			hasScannedForEncodings = 0;
			knownRegions = (
				en,
				Base,
			);
			mainGroup = F0D05E091C965017000EFD22;
			productRefGroup = F0D05E131C965017000EFD22 /* Products */;
			projectDirPath = "";
			projectRoot = "";
			targets = (
				F0D05E111C965017000EFD22 /* BabyTestStub */,
			);
		};
/* End PBXProject section */

/* Begin PBXResourcesBuildPhase section */
		F0D05E101C965017000EFD22 /* Resources */ = {
			isa = PBXResourcesBuildPhase;
			buildActionMask = 2147483647;
			files = (
				F0D05E1F1C965017000EFD22 /* Assets.xcassets in Resources */,
				F0D05E221C965017000EFD22 /* Main.storyboard in Resources */,
			);
			runOnlyForDeploymentPostprocessing = 0;
		};
/* End PBXResourcesBuildPhase section */

/* Begin PBXSourcesBuildPhase section */
		F0D05E0E1C965017000EFD22 /* Sources */ = {
			isa = PBXSourcesBuildPhase;
			buildActionMask = 2147483647;
			files = (
				F0D05E1D1C965017000EFD22 /* ViewController.m in Sources */,
				F0D05E411C965025000EFD22 /* BabyToy.m in Sources */,
				F0D05E1A1C965017000EFD22 /* main.m in Sources */,
				F0D05E3D1C965025000EFD22 /* BabyOptions.m in Sources */,
				F0D05E3A1C965025000EFD22 /* BabyBluetooth.m in Sources */,
				F0D05E3C1C965025000EFD22 /* BabyCentralManager.m in Sources */,
				F0D05E3B1C965025000EFD22 /* BabyCallback.m in Sources */,
				F0D05E171C965017000EFD22 /* AppDelegate.m in Sources */,
				F0D05E401C965025000EFD22 /* BabySpeaker.m in Sources */,
				F0D05E3F1C965025000EFD22 /* BabyRhythm.m in Sources */,
				F0D05E3E1C965025000EFD22 /* BabyPeripheralManager.m in Sources */,
			);
			runOnlyForDeploymentPostprocessing = 0;
		};
/* End PBXSourcesBuildPhase section */

/* Begin PBXVariantGroup section */
		F0D05E201C965017000EFD22 /* Main.storyboard */ = {
			isa = PBXVariantGroup;
			children = (
				F0D05E211C965017000EFD22 /* Base */,
			);
			name = Main.storyboard;
			sourceTree = "<group>";
		};
/* End PBXVariantGroup section */

/* Begin XCBuildConfiguration section */
		F0D05E241C965017000EFD22 /* Debug */ = {
			isa = XCBuildConfiguration;
			buildSettings = {
				ALWAYS_SEARCH_USER_PATHS = NO;
				CLANG_CXX_LANGUAGE_STANDARD = "gnu++0x";
				CLANG_CXX_LIBRARY = "libc++";
				CLANG_ENABLE_MODULES = YES;
				CLANG_ENABLE_OBJC_ARC = YES;
				CLANG_WARN_BOOL_CONVERSION = YES;
				CLANG_WARN_CONSTANT_CONVERSION = YES;
				CLANG_WARN_DIRECT_OBJC_ISA_USAGE = YES_ERROR;
				CLANG_WARN_EMPTY_BODY = YES;
				CLANG_WARN_ENUM_CONVERSION = YES;
				CLANG_WARN_INT_CONVERSION = YES;
				CLANG_WARN_OBJC_ROOT_CLASS = YES_ERROR;
				CLANG_WARN_UNREACHABLE_CODE = YES;
				CLANG_WARN__DUPLICATE_METHOD_MATCH = YES;
				CODE_SIGN_IDENTITY = "-";
				COPY_PHASE_STRIP = NO;
				DEBUG_INFORMATION_FORMAT = dwarf;
				ENABLE_STRICT_OBJC_MSGSEND = YES;
				ENABLE_TESTABILITY = YES;
				GCC_C_LANGUAGE_STANDARD = gnu99;
				GCC_DYNAMIC_NO_PIC = NO;
				GCC_NO_COMMON_BLOCKS = YES;
				GCC_OPTIMIZATION_LEVEL = 0;
				GCC_PREPROCESSOR_DEFINITIONS = (
					"DEBUG=1",
					"$(inherited)",
				);
				GCC_WARN_64_TO_32_BIT_CONVERSION = YES;
				GCC_WARN_ABOUT_RETURN_TYPE = YES_ERROR;
				GCC_WARN_UNDECLARED_SELECTOR = YES;
				GCC_WARN_UNINITIALIZED_AUTOS = YES_AGGRESSIVE;
				GCC_WARN_UNUSED_FUNCTION = YES;
				GCC_WARN_UNUSED_VARIABLE = YES;
				MACOSX_DEPLOYMENT_TARGET = 10.10;
				MTL_ENABLE_DEBUG_INFO = YES;
				ONLY_ACTIVE_ARCH = YES;
				SDKROOT = macosx;
			};
			name = Debug;
		};
		F0D05E251C965017000EFD22 /* Release */ = {
			isa = XCBuildConfiguration;
			buildSettings = {
				ALWAYS_SEARCH_USER_PATHS = NO;
				CLANG_CXX_LANGUAGE_STANDARD = "gnu++0x";
				CLANG_CXX_LIBRARY = "libc++";
				CLANG_ENABLE_MODULES = YES;
				CLANG_ENABLE_OBJC_ARC = YES;
				CLANG_WARN_BOOL_CONVERSION = YES;
				CLANG_WARN_CONSTANT_CONVERSION = YES;
				CLANG_WARN_DIRECT_OBJC_ISA_USAGE = YES_ERROR;
				CLANG_WARN_EMPTY_BODY = YES;
				CLANG_WARN_ENUM_CONVERSION = YES;
				CLANG_WARN_INT_CONVERSION = YES;
				CLANG_WARN_OBJC_ROOT_CLASS = YES_ERROR;
				CLANG_WARN_UNREACHABLE_CODE = YES;
				CLANG_WARN__DUPLICATE_METHOD_MATCH = YES;
				CODE_SIGN_IDENTITY = "-";
				COPY_PHASE_STRIP = NO;
				DEBUG_INFORMATION_FORMAT = "dwarf-with-dsym";
				ENABLE_NS_ASSERTIONS = NO;
				ENABLE_STRICT_OBJC_MSGSEND = YES;
				GCC_C_LANGUAGE_STANDARD = gnu99;
				GCC_NO_COMMON_BLOCKS = YES;
				GCC_WARN_64_TO_32_BIT_CONVERSION = YES;
				GCC_WARN_ABOUT_RETURN_TYPE = YES_ERROR;
				GCC_WARN_UNDECLARED_SELECTOR = YES;
				GCC_WARN_UNINITIALIZED_AUTOS = YES_AGGRESSIVE;
				GCC_WARN_UNUSED_FUNCTION = YES;
				GCC_WARN_UNUSED_VARIABLE = YES;
				MACOSX_DEPLOYMENT_TARGET = 10.10;
				MTL_ENABLE_DEBUG_INFO = NO;
				SDKROOT = macosx;
			};
			name = Release;
		};
		F0D05E271C965017000EFD22 /* Debug */ = {
			isa = XCBuildConfiguration;
			buildSettings = {
				ASSETCATALOG_COMPILER_APPICON_NAME = AppIcon;
				COMBINE_HIDPI_IMAGES = YES;
				INFOPLIST_FILE = BabyTestStub/Info.plist;
				LD_RUNPATH_SEARCH_PATHS = "$(inherited) @executable_path/../Frameworks";
				PRODUCT_BUNDLE_IDENTIFIER = com.jumppo.app.BabyTestStub.BabyTestStub;
				PRODUCT_NAME = "$(TARGET_NAME)";
			};
			name = Debug;
		};
		F0D05E281C965017000EFD22 /* Release */ = {
			isa = XCBuildConfiguration;
			buildSettings = {
				ASSETCATALOG_COMPILER_APPICON_NAME = AppIcon;
				COMBINE_HIDPI_IMAGES = YES;
				INFOPLIST_FILE = BabyTestStub/Info.plist;
				LD_RUNPATH_SEARCH_PATHS = "$(inherited) @executable_path/../Frameworks";
				PRODUCT_BUNDLE_IDENTIFIER = com.jumppo.app.BabyTestStub.BabyTestStub;
				PRODUCT_NAME = "$(TARGET_NAME)";
			};
			name = Release;
		};
/* End XCBuildConfiguration section */

/* Begin XCConfigurationList section */
		F0D05E0D1C965017000EFD22 /* Build configuration list for PBXProject "BabyTestStub" */ = {
			isa = XCConfigurationList;
			buildConfigurations = (
				F0D05E241C965017000EFD22 /* Debug */,
				F0D05E251C965017000EFD22 /* Release */,
			);
			defaultConfigurationIsVisible = 0;
			defaultConfigurationName = Release;
		};
		F0D05E261C965017000EFD22 /* Build configuration list for PBXNativeTarget "BabyTestStub" */ = {
			isa = XCConfigurationList;
			buildConfigurations = (
				F0D05E271C965017000EFD22 /* Debug */,
				F0D05E281C965017000EFD22 /* Release */,
			);
			defaultConfigurationIsVisible = 0;
		};
/* End XCConfigurationList section */
	};
	rootObject = F0D05E0A1C965017000EFD22 /* Project object */;
}
